
Microsoft Visual Studio Solution File, Format Version 12.00
# Visual Studio Version 17
VisualStudioVersion = 17.11.35327.3
MinimumVisualStudioVersion = 10.0.40219.1
Project("{FAE04EC0-301F-11D3-BF4B-00C04F79EFBC}") = "TimeTracker3", "TimeTracker3\TimeTracker3.csproj", "{F01F8F35-E877-4AFB-AAE1-7C4FF0D8ACB3}"
EndProject
Project("{FAE04EC0-301F-11D3-BF4B-00C04F79EFBC}") = "TimeTracker3.Util", "TimeTracker3.Util\TimeTracker3.Util.csproj", "{42B99517-EF8B-4E2A-9183-DCCA70E17007}"
EndProject
Project("{FAE04EC0-301F-11D3-BF4B-00C04F79EFBC}") = "TimeTracker3.Db.API", "TimeTracker3.Db.API\TimeTracker3.Db.API.csproj", "{4E741D93-DDD0-4384-9FD7-37E43D094BCF}"
EndProject
Global
	GlobalSection(SolutionConfigurationPlatforms) = preSolution
		Debug|Any CPU = Debug|Any CPU
		Release|Any CPU = Release|Any CPU
	EndGlobalSection
	GlobalSection(ProjectConfigurationPlatforms) = postSolution
		{F01F8F35-E877-4AFB-AAE1-7C4FF0D8ACB3}.Debug|Any CPU.ActiveCfg = Debug|Any CPU
		{F01F8F35-E877-4AFB-AAE1-7C4FF0D8ACB3}.Debug|Any CPU.Build.0 = Debug|Any CPU
		{F01F8F35-E877-4AFB-AAE1-7C4FF0D8ACB3}.Release|Any CPU.ActiveCfg = Release|Any CPU
		{F01F8F35-E877-4AFB-AAE1-7C4FF0D8ACB3}.Release|Any CPU.Build.0 = Release|Any CPU
		{42B99517-EF8B-4E2A-9183-DCCA70E17007}.Debug|Any CPU.ActiveCfg = Debug|Any CPU
		{42B99517-EF8B-4E2A-9183-DCCA70E17007}.Debug|Any CPU.Build.0 = Debug|Any CPU
		{42B99517-EF8B-4E2A-9183-DCCA70E17007}.Release|Any CPU.ActiveCfg = Release|Any CPU
		{42B99517-EF8B-4E2A-9183-DCCA70E17007}.Release|Any CPU.Build.0 = Release|Any CPU
		{4E741D93-DDD0-4384-9FD7-37E43D094BCF}.Debug|Any CPU.ActiveCfg = Debug|Any CPU
		{4E741D93-DDD0-4384-9FD7-37E43D094BCF}.Debug|Any CPU.Build.0 = Debug|Any CPU
		{4E741D93-DDD0-4384-9FD7-37E43D094BCF}.Release|Any CPU.ActiveCfg = Release|Any CPU
		{4E741D93-DDD0-4384-9FD7-37E43D094BCF}.Release|Any CPU.Build.0 = Release|Any CPU
	EndGlobalSection
	GlobalSection(SolutionProperties) = preSolution
		HideSolutionNode = FALSE
	EndGlobalSection
	GlobalSection(ExtensibilityGlobals) = postSolution
		SolutionGuid = {D325FCA3-38DE-4072-9E1E-3F717D38E054}
	EndGlobalSection
EndGlobal
