<?xml version="1.0" encoding="utf-8"?>
<Project ToolsVersion="4.0" xmlns="http://schemas.microsoft.com/developer/msbuild/2003">
  <ItemGroup>
    <Filter Include="Source Files">
      <UniqueIdentifier>{4FC737F1-C7A5-4376-A066-2A32D752A2FF}</UniqueIdentifier>
      <Extensions>cpp;c;cc;cxx;c++;cppm;ixx;def;odl;idl;hpj;bat;asm;asmx</Extensions>
    </Filter>
    <Filter Include="Header Files">
      <UniqueIdentifier>{93995380-89BD-4b04-88EB-625FBE52EBFB}</UniqueIdentifier>
      <Extensions>h;hh;hpp;hxx;h++;hm;inl;inc;ipp;xsd</Extensions>
    </Filter>
    <Filter Include="Resource Files">
      <UniqueIdentifier>{67DA6AB6-F800-4c08-8B7A-83BB121AAD01}</UniqueIdentifier>
      <Extensions>rc;ico;cur;bmp;dlg;rc2;rct;bin;rgs;gif;jpg;jpeg;jpe;resx;tiff;tif;png;wav;mfcribbon-ms</Extensions>
    </Filter>
    <Filter Include="Source Files\CharacterSet">
      <UniqueIdentifier>{a12bcbe7-6aa3-4b74-9ac2-94ec914dab32}</UniqueIdentifier>
    </Filter>
    <Filter Include="Source Files\Io">
      <UniqueIdentifier>{759e5076-db15-4bae-996d-e75a13264c52}</UniqueIdentifier>
    </Filter>
  </ItemGroup>
  <ItemGroup>
    <ClCompile Include="Main.cpp">
      <Filter>Source Files</Filter>
    </ClCompile>
    <ClCompile Include="TestCharacterSetConsistency.cpp">
      <Filter>Source Files\CharacterSet</Filter>
    </ClCompile>
    <ClCompile Include="TestBinaryCppInputPerformanceAsBytes.cpp">
      <Filter>Source Files\Io</Filter>
    </ClCompile>
    <ClCompile Include="TestBinaryCppInputPerformanceAsChunks.cpp">
      <Filter>Source Files\Io</Filter>
    </ClCompile>
    <ClCompile Include="TestBinaryCppOutputPerformanceAsBytes.cpp">
      <Filter>Source Files\Io</Filter>
    </ClCompile>
    <ClCompile Include="TestBinaryCppOutputPerformanceAsChunks.cpp">
      <Filter>Source Files\Io</Filter>
    </ClCompile>
    <ClCompile Include="TestBinaryCrtInputPerformanceAsBytes.cpp">
      <Filter>Source Files\Io</Filter>
    </ClCompile>
    <ClCompile Include="TestBinaryCrtInputPerformanceAsChunks.cpp">
      <Filter>Source Files\Io</Filter>
    </ClCompile>
    <ClCompile Include="TestBinaryCrtOutputPerformanceAsBytes.cpp">
      <Filter>Source Files\Io</Filter>
    </ClCompile>
    <ClCompile Include="TestBinaryCrtOutputPerformanceAsChunks.cpp">
      <Filter>Source Files\Io</Filter>
    </ClCompile>
    <ClCompile Include="TestBinaryFileReaderConsistency.cpp">
      <Filter>Source Files\Io</Filter>
    </ClCompile>
    <ClCompile Include="TestBinaryFileReaderPerformanceAsBytes.cpp">
      <Filter>Source Files\Io</Filter>
    </ClCompile>
    <ClCompile Include="TestBinaryFileReaderPerformanceAsChunks.cpp">
      <Filter>Source Files\Io</Filter>
    </ClCompile>
    <ClCompile Include="TestBinaryFileWriterConsistency.cpp">
      <Filter>Source Files\Io</Filter>
    </ClCompile>
    <ClCompile Include="TestBinaryFileWriterPerformanceAsBytes.cpp">
      <Filter>Source Files\Io</Filter>
    </ClCompile>
    <ClCompile Include="TestBinaryFileWriterPerformanceAsChunks.cpp">
      <Filter>Source Files\Io</Filter>
    </ClCompile>
    <ClCompile Include="TestBufferedInputStreamConsistency.cpp">
      <Filter>Source Files\Io</Filter>
    </ClCompile>
    <ClCompile Include="TestBufferedInputStreamPerformanceAsBytes.cpp">
      <Filter>Source Files\Io</Filter>
    </ClCompile>
    <ClCompile Include="TestBufferedInputStreamPerformanceAsChunks.cpp">
      <Filter>Source Files\Io</Filter>
    </ClCompile>
    <ClCompile Include="TestBufferedOutputStreamConsistency.cpp">
      <Filter>Source Files\Io</Filter>
    </ClCompile>
    <ClCompile Include="TestBufferedOutputStreamPerformanceAsBytes.cpp">
      <Filter>Source Files\Io</Filter>
    </ClCompile>
    <ClCompile Include="TestBufferedOutputStreamPerformanceAsChunks.cpp">
      <Filter>Source Files\Io</Filter>
    </ClCompile>
    <ClCompile Include="TestFileInputStreamConsistency.cpp">
      <Filter>Source Files\Io</Filter>
    </ClCompile>
    <ClCompile Include="TestFileInputStreamPerformanceAsBytes.cpp">
      <Filter>Source Files\Io</Filter>
    </ClCompile>
    <ClCompile Include="TestFileInputStreamPerformanceAsChunks.cpp">
      <Filter>Source Files\Io</Filter>
    </ClCompile>
    <ClCompile Include="TestFileOutputStreamConsistency.cpp">
      <Filter>Source Files\Io</Filter>
    </ClCompile>
    <ClCompile Include="TestFileOutputStreamPerformanceAsBytes.cpp">
      <Filter>Source Files\Io</Filter>
    </ClCompile>
    <ClCompile Include="TestFileOutputStreamPerformanceAsChunks.cpp">
      <Filter>Source Files\Io</Filter>
    </ClCompile>
    <ClCompile Include="TestCharacterSetPerformance.cpp">
      <Filter>Source Files\CharacterSet</Filter>
    </ClCompile>
  </ItemGroup>
  <ItemGroup>
    <ClInclude Include="API.hpp">
      <Filter>Header Files</Filter>
    </ClInclude>
    <ClInclude Include="Io.hpp">
      <Filter>Header Files</Filter>
    </ClInclude>
    <ClInclude Include="Exceptions.hpp">
      <Filter>Header Files</Filter>
    </ClInclude>
    <ClInclude Include="CharacterSet.hpp">
      <Filter>Header Files</Filter>
    </ClInclude>
  </ItemGroup>
</Project>